
Microsoft Visual Studio Solution File, Format Version 12.00
# Visual Studio Version 16
VisualStudioVersion = 16.0.30907.101
MinimumVisualStudioVersion = 10.0.40219.1
Project("{9A19103F-16F7-4668-BE54-9A1E7A4F7556}") = "AutoUpgrade", "AutoUpgrade\AutoUpgrade.csproj", "{CA8F3001-246E-4772-9D25-29E29E23EEA6}"
EndProject
Project("{9A19103F-16F7-4668-BE54-9A1E7A4F7556}") = "AutoUpgrade.JWT", "AutoUpgrade.JWT\AutoUpgrade.JWT.csproj", "{7F7D4546-EB82-4E1C-AF24-CAEE352A5C9C}"
EndProject
Project("{9A19103F-16F7-4668-BE54-9A1E7A4F7556}") = "Upgrade", "Upgrade\Upgrade.csproj", "{5837A64A-908E-4056-84E5-B31D88A26519}"
EndProject
Project("{FAE04EC0-301F-11D3-BF4B-00C04F79EFBC}") = "Winform_App", "Winform_App\Winform_App.csproj", "{93AD55E0-5C66-433F-BFB4-01774D4301BD}"
EndProject
Global
	GlobalSection(SolutionConfigurationPlatforms) = preSolution
		Debug|Any CPU = Debug|Any CPU
		Release|Any CPU = Release|Any CPU
	EndGlobalSection
	GlobalSection(ProjectConfigurationPlatforms) = postSolution
		{CA8F3001-246E-4772-9D25-29E29E23EEA6}.Debug|Any CPU.ActiveCfg = Debug|Any CPU
		{CA8F3001-246E-4772-9D25-29E29E23EEA6}.Debug|Any CPU.Build.0 = Debug|Any CPU
		{CA8F3001-246E-4772-9D25-29E29E23EEA6}.Release|Any CPU.ActiveCfg = Release|Any CPU
		{CA8F3001-246E-4772-9D25-29E29E23EEA6}.Release|Any CPU.Build.0 = Release|Any CPU
		{7F7D4546-EB82-4E1C-AF24-CAEE352A5C9C}.Debug|Any CPU.ActiveCfg = Debug|Any CPU
		{7F7D4546-EB82-4E1C-AF24-CAEE352A5C9C}.Debug|Any CPU.Build.0 = Debug|Any CPU
		{7F7D4546-EB82-4E1C-AF24-CAEE352A5C9C}.Release|Any CPU.ActiveCfg = Release|Any CPU
		{7F7D4546-EB82-4E1C-AF24-CAEE352A5C9C}.Release|Any CPU.Build.0 = Release|Any CPU
		{5837A64A-908E-4056-84E5-B31D88A26519}.Debug|Any CPU.ActiveCfg = Debug|Any CPU
		{5837A64A-908E-4056-84E5-B31D88A26519}.Debug|Any CPU.Build.0 = Debug|Any CPU
		{5837A64A-908E-4056-84E5-B31D88A26519}.Release|Any CPU.ActiveCfg = Release|Any CPU
		{5837A64A-908E-4056-84E5-B31D88A26519}.Release|Any CPU.Build.0 = Release|Any CPU
		{93AD55E0-5C66-433F-BFB4-01774D4301BD}.Debug|Any CPU.ActiveCfg = Debug|Any CPU
		{93AD55E0-5C66-433F-BFB4-01774D4301BD}.Debug|Any CPU.Build.0 = Debug|Any CPU
		{93AD55E0-5C66-433F-BFB4-01774D4301BD}.Release|Any CPU.ActiveCfg = Release|Any CPU
		{93AD55E0-5C66-433F-BFB4-01774D4301BD}.Release|Any CPU.Build.0 = Release|Any CPU
	EndGlobalSection
	GlobalSection(SolutionProperties) = preSolution
		HideSolutionNode = FALSE
	EndGlobalSection
	GlobalSection(ExtensibilityGlobals) = postSolution
		SolutionGuid = {B4113889-48B2-4CD2-9557-EB6771EE5C2F}
	EndGlobalSection
EndGlobal
